
Microsoft Visual Studio Solution File, Format Version 12.00
# Visual Studio Version 16
VisualStudioVersion = 16.0.30011.22
MinimumVisualStudioVersion = 10.0.40219.1
Project("{FAE04EC0-301F-11D3-BF4B-00C04F79EFBC}") = "csvdiff", "csvdiff\csvdiff.csproj", "{26957C84-87B3-4834-9186-DC3395FC4CE6}"
EndProject
Global
	GlobalSection(SolutionConfigurationPlatforms) = preSolution
		Debug|Any CPU = Debug|Any CPU
		Release|Any CPU = Release|Any CPU
	EndGlobalSection
	GlobalSection(ProjectConfigurationPlatforms) = postSolution
		{26957C84-87B3-4834-9186-DC3395FC4CE6}.Debug|Any CPU.ActiveCfg = Debug|Any CPU
		{26957C84-87B3-4834-9186-DC3395FC4CE6}.Debug|Any CPU.Build.0 = Debug|Any CPU
		{26957C84-87B3-4834-9186-DC3395FC4CE6}.Release|Any CPU.ActiveCfg = Release|Any CPU
		{26957C84-87B3-4834-9186-DC3395FC4CE6}.Release|Any CPU.Build.0 = Release|Any CPU
	EndGlobalSection
	GlobalSection(SolutionProperties) = preSolution
		HideSolutionNode = FALSE
	EndGlobalSection
	GlobalSection(ExtensibilityGlobals) = postSolution
		SolutionGuid = {187F05A1-68E3-4BF9-BBE7-6A0342B99E53}
	EndGlobalSection
EndGlobal
